
Microsoft Visual Studio Solution File, Format Version 12.00
# Visual Studio Version 17
VisualStudioVersion = 17.3.32825.248
MinimumVisualStudioVersion = 10.0.40219.1
Project("{FAE04EC0-301F-11D3-BF4B-00C04F79EFBC}") = "D11ovn1", "D11ovn1\D11ovn1.csproj", "{F5BEB236-CD1C-42CB-A276-84E54ADE96DB}"
EndProject
Global
	GlobalSection(SolutionConfigurationPlatforms) = preSolution
		Debug|Any CPU = Debug|Any CPU
		Release|Any CPU = Release|Any CPU
	EndGlobalSection
	GlobalSection(ProjectConfigurationPlatforms) = postSolution
		{F5BEB236-CD1C-42CB-A276-84E54ADE96DB}.Debug|Any CPU.ActiveCfg = Debug|Any CPU
		{F5BEB236-CD1C-42CB-A276-84E54ADE96DB}.Debug|Any CPU.Build.0 = Debug|Any CPU
		{F5BEB236-CD1C-42CB-A276-84E54ADE96DB}.Release|Any CPU.ActiveCfg = Release|Any CPU
		{F5BEB236-CD1C-42CB-A276-84E54ADE96DB}.Release|Any CPU.Build.0 = Release|Any CPU
	EndGlobalSection
	GlobalSection(SolutionProperties) = preSolution
		HideSolutionNode = FALSE
	EndGlobalSection
	GlobalSection(ExtensibilityGlobals) = postSolution
		SolutionGuid = {76455C58-0104-4D7B-820C-6AAC3B8BFEAD}
	EndGlobalSection
EndGlobal
