
Microsoft Visual Studio Solution File, Format Version 12.00
# Visual Studio Version 17
VisualStudioVersion = 17.3.32825.248
MinimumVisualStudioVersion = 10.0.40219.1
Project("{FAE04EC0-301F-11D3-BF4B-00C04F79EFBC}") = "HelloWorld", "HelloWorld\HelloWorld.csproj", "{D5DDC3CC-3C25-4A1A-B2C9-61FD700AAFAD}"
EndProject
Global
	GlobalSection(SolutionConfigurationPlatforms) = preSolution
		Debug|Any CPU = Debug|Any CPU
		Release|Any CPU = Release|Any CPU
	EndGlobalSection
	GlobalSection(ProjectConfigurationPlatforms) = postSolution
		{D5DDC3CC-3C25-4A1A-B2C9-61FD700AAFAD}.Debug|Any CPU.ActiveCfg = Debug|Any CPU
		{D5DDC3CC-3C25-4A1A-B2C9-61FD700AAFAD}.Debug|Any CPU.Build.0 = Debug|Any CPU
		{D5DDC3CC-3C25-4A1A-B2C9-61FD700AAFAD}.Release|Any CPU.ActiveCfg = Release|Any CPU
		{D5DDC3CC-3C25-4A1A-B2C9-61FD700AAFAD}.Release|Any CPU.Build.0 = Release|Any CPU
	EndGlobalSection
	GlobalSection(SolutionProperties) = preSolution
		HideSolutionNode = FALSE
	EndGlobalSection
	GlobalSection(ExtensibilityGlobals) = postSolution
		SolutionGuid = {93F7DB28-710C-4099-ADE7-AC1870A52C78}
	EndGlobalSection
EndGlobal
